Microsoft Visual Studio Solution File, Format Version 12.00
# Visual Studio 15
VisualStudioVersion = 15.0.25914.0
MinimumVisualStudioVersion = 10.0.40219.1
Project("{2150E333-8FDC-42A3-9474-1A3956D46DE8}") = "Docs", "Docs", "{B92D2D90-CB9F-4ED7-BA98-EA3E1E4F8C56}"
	ProjectSection(SolutionItems) = preProject
		README.md = README.md
	EndProjectSection
EndProject
Project("{FAE04EC0-301F-11D3-BF4B-00C04F79EFBC}") = "Certify.Winforms", "src\Certify.Winforms\Certify.Winforms.csproj", "{68549A2F-D083-4897-92B7-3C9F9C16BC91}"
EndProject
Project("{FAE04EC0-301F-11D3-BF4B-00C04F79EFBC}") = "Certify.Core", "src\Certify.Core\Certify.Core.csproj", "{87BAA9CA-E0C9-4D3E-8971-55A30134C932}"
EndProject
Project("{FAE04EC0-301F-11D3-BF4B-00C04F79EFBC}") = "Certify.CLI", "src\Certify.CLI\Certify.CLI.csproj", "{DA0CCD9F-8CBD-4471-93E0-53BCFB6CA25E}"
EndProject
Global
	GlobalSection(SolutionConfigurationPlatforms) = preSolution
		Debug|Any CPU = Debug|Any CPU
		Release|Any CPU = Release|Any CPU
	EndGlobalSection
	GlobalSection(ProjectConfigurationPlatforms) = postSolution
		{68549A2F-D083-4897-92B7-3C9F9C16BC91}.Debug|Any CPU.ActiveCfg = Debug|Any CPU
		{68549A2F-D083-4897-92B7-3C9F9C16BC91}.Debug|Any CPU.Build.0 = Debug|Any CPU
		{68549A2F-D083-4897-92B7-3C9F9C16BC91}.Release|Any CPU.ActiveCfg = Release|Any CPU
		{68549A2F-D083-4897-92B7-3C9F9C16BC91}.Release|Any CPU.Build.0 = Release|Any CPU
		{87BAA9CA-E0C9-4D3E-8971-55A30134C932}.Debug|Any CPU.ActiveCfg = Debug|Any CPU
		{87BAA9CA-E0C9-4D3E-8971-55A30134C932}.Debug|Any CPU.Build.0 = Debug|Any CPU
		{87BAA9CA-E0C9-4D3E-8971-55A30134C932}.Release|Any CPU.ActiveCfg = Release|Any CPU
		{87BAA9CA-E0C9-4D3E-8971-55A30134C932}.Release|Any CPU.Build.0 = Release|Any CPU
		{DA0CCD9F-8CBD-4471-93E0-53BCFB6CA25E}.Debug|Any CPU.ActiveCfg = Debug|Any CPU
		{DA0CCD9F-8CBD-4471-93E0-53BCFB6CA25E}.Debug|Any CPU.Build.0 = Debug|Any CPU
		{DA0CCD9F-8CBD-4471-93E0-53BCFB6CA25E}.Release|Any CPU.ActiveCfg = Release|Any CPU
		{DA0CCD9F-8CBD-4471-93E0-53BCFB6CA25E}.Release|Any CPU.Build.0 = Release|Any CPU
	EndGlobalSection
	GlobalSection(SolutionProperties) = preSolution
		HideSolutionNode = FALSE
	EndGlobalSection
EndGlobal
