
Microsoft Visual Studio Solution File, Format Version 12.00
# Visual Studio Version 16
VisualStudioVersion = 16.0.30114.128
MinimumVisualStudioVersion = 10.0.40219.1
Project("{FAE04EC0-301F-11D3-BF4B-00C04F79EFBC}") = "Certify.Service.Worker", "Certify.Service.Worker\Certify.Service.Worker.csproj", "{7EA8644D-580D-49CD-BD5B-CFDA23A20EC2}"
EndProject
Global
	GlobalSection(SolutionConfigurationPlatforms) = preSolution
		Debug|Any CPU = Debug|Any CPU
		Release|Any CPU = Release|Any CPU
	EndGlobalSection
	GlobalSection(ProjectConfigurationPlatforms) = postSolution
		{7EA8644D-580D-49CD-BD5B-CFDA23A20EC2}.Debug|Any CPU.ActiveCfg = Debug|Any CPU
		{7EA8644D-580D-49CD-BD5B-CFDA23A20EC2}.Debug|Any CPU.Build.0 = Debug|Any CPU
		{7EA8644D-580D-49CD-BD5B-CFDA23A20EC2}.Release|Any CPU.ActiveCfg = Release|Any CPU
		{7EA8644D-580D-49CD-BD5B-CFDA23A20EC2}.Release|Any CPU.Build.0 = Release|Any CPU
	EndGlobalSection
	GlobalSection(SolutionProperties) = preSolution
		HideSolutionNode = FALSE
	EndGlobalSection
	GlobalSection(ExtensibilityGlobals) = postSolution
		SolutionGuid = {CFDF0060-BB3D-49C8-8A8D-9F0813953142}
	EndGlobalSection
EndGlobal
