
Microsoft Visual Studio Solution File, Format Version 12.00
# Visual Studio Version 16
VisualStudioVersion = 16.0.30114.128
MinimumVisualStudioVersion = 10.0.40219.1
Project("{FAE04EC0-301F-11D3-BF4B-00C04F79EFBC}") = "Certify.Server.Core", "Certify.Server.Core\Certify.Server.Core.csproj", "{1DBAEA46-3ED5-467F-AE18-E658B35D2005}"
EndProject
Global
	GlobalSection(SolutionConfigurationPlatforms) = preSolution
		Debug|Any CPU = Debug|Any CPU
		Release|Any CPU = Release|Any CPU
	EndGlobalSection
	GlobalSection(ProjectConfigurationPlatforms) = postSolution
		{1DBAEA46-3ED5-467F-AE18-E658B35D2005}.Debug|Any CPU.ActiveCfg = Debug|Any CPU
		{1DBAEA46-3ED5-467F-AE18-E658B35D2005}.Debug|Any CPU.Build.0 = Debug|Any CPU
		{1DBAEA46-3ED5-467F-AE18-E658B35D2005}.Release|Any CPU.ActiveCfg = Release|Any CPU
		{1DBAEA46-3ED5-467F-AE18-E658B35D2005}.Release|Any CPU.Build.0 = Release|Any CPU
	EndGlobalSection
	GlobalSection(SolutionProperties) = preSolution
		HideSolutionNode = FALSE
	EndGlobalSection
	GlobalSection(ExtensibilityGlobals) = postSolution
		SolutionGuid = {3E11C497-46CB-4BF0-A634-DF5407D1C65C}
	EndGlobalSection
EndGlobal
